
Microsoft Visual Studio Solution File, Format Version 12.00
# Visual Studio Version 17
VisualStudioVersion = 17.0.31611.283
MinimumVisualStudioVersion = 10.0.40219.1
Project("{9A19103F-16F7-4668-BE54-9A1E7A4F7556}") = "Domain", "src\Domain\Domain.csproj", "{8CCF4F7E-4A1B-46C1-957F-3BECFE25B940}"
EndProject
Project("{9A19103F-16F7-4668-BE54-9A1E7A4F7556}") = "Infrastrucutre", "src\Infrastrucutre\Infrastrucutre.csproj", "{A8BD8914-1DD9-443A-B140-5E03FFF9D856}"
EndProject
Project("{9A19103F-16F7-4668-BE54-9A1E7A4F7556}") = "MauiApp1", "src\Application\MauiApp1.csproj", "{A370E445-607E-4A29-9ED1-C254A7B9471D}"
EndProject
Global
	GlobalSection(SolutionConfigurationPlatforms) = preSolution
		Debug|Any CPU = Debug|Any CPU
		Release|Any CPU = Release|Any CPU
	EndGlobalSection
	GlobalSection(ProjectConfigurationPlatforms) = postSolution
		{8CCF4F7E-4A1B-46C1-957F-3BECFE25B940}.Debug|Any CPU.ActiveCfg = Debug|Any CPU
		{8CCF4F7E-4A1B-46C1-957F-3BECFE25B940}.Debug|Any CPU.Build.0 = Debug|Any CPU
		{8CCF4F7E-4A1B-46C1-957F-3BECFE25B940}.Release|Any CPU.ActiveCfg = Release|Any CPU
		{8CCF4F7E-4A1B-46C1-957F-3BECFE25B940}.Release|Any CPU.Build.0 = Release|Any CPU
		{A8BD8914-1DD9-443A-B140-5E03FFF9D856}.Debug|Any CPU.ActiveCfg = Debug|Any CPU
		{A8BD8914-1DD9-443A-B140-5E03FFF9D856}.Debug|Any CPU.Build.0 = Debug|Any CPU
		{A8BD8914-1DD9-443A-B140-5E03FFF9D856}.Release|Any CPU.ActiveCfg = Release|Any CPU
		{A8BD8914-1DD9-443A-B140-5E03FFF9D856}.Release|Any CPU.Build.0 = Release|Any CPU
		{A370E445-607E-4A29-9ED1-C254A7B9471D}.Debug|Any CPU.ActiveCfg = Debug|Any CPU
		{A370E445-607E-4A29-9ED1-C254A7B9471D}.Debug|Any CPU.Build.0 = Debug|Any CPU
		{A370E445-607E-4A29-9ED1-C254A7B9471D}.Debug|Any CPU.Deploy.0 = Debug|Any CPU
		{A370E445-607E-4A29-9ED1-C254A7B9471D}.Release|Any CPU.ActiveCfg = Release|Any CPU
		{A370E445-607E-4A29-9ED1-C254A7B9471D}.Release|Any CPU.Build.0 = Release|Any CPU
		{A370E445-607E-4A29-9ED1-C254A7B9471D}.Release|Any CPU.Deploy.0 = Release|Any CPU
	EndGlobalSection
	GlobalSection(SolutionProperties) = preSolution
		HideSolutionNode = FALSE
	EndGlobalSection
	GlobalSection(ExtensibilityGlobals) = postSolution
		SolutionGuid = {61F7FB11-1E47-470C-91E2-47F8143E1572}
	EndGlobalSection
EndGlobal
